
Microsoft Visual Studio Solution File, Format Version 12.00
# Visual Studio Version 16
VisualStudioVersion = 16.0.30225.117
MinimumVisualStudioVersion = 10.0.40219.1
Project("{2150E333-8FDC-42A3-9474-1A3956D46DE8}") = "src", "src", "{6F8CA83F-E785-4CC8-AC6C-73FA8E1DA7E6}"
EndProject
Project("{2150E333-8FDC-42A3-9474-1A3956D46DE8}") = "tests", "tests", "{3D23AC28-E63B-46FA-A92F-0FC72C1B7459}"
EndProject
Project("{2150E333-8FDC-42A3-9474-1A3956D46DE8}") = "1-entrypoint", "1-entrypoint", "{1EBFD9C8-D377-4C32-9B86-C8360B0A83C6}"
EndProject
Project("{2150E333-8FDC-42A3-9474-1A3956D46DE8}") = "client", "client", "{C1FC299F-BF92-4068-9ADD-FA24264BA911}"
EndProject
Project("{2150E333-8FDC-42A3-9474-1A3956D46DE8}") = "2-core", "2-core", "{DD18FD5E-6631-4D33-8E0F-78F63449D4DC}"
EndProject
Project("{2150E333-8FDC-42A3-9474-1A3956D46DE8}") = "3-infrastructure", "3-infrastructure", "{BB3C2ECE-612B-4C12-BA61-15E97FAF7893}"
EndProject
Project("{9A19103F-16F7-4668-BE54-9A1E7A4F7556}") = "EasyInvest.Api.Client.Investimentos", "package-easyinvest-api-client-investimentos\EasyInvest.Api.Client.Investimentos\EasyInvest.Api.Client.Investimentos.csproj", "{145F460A-AE6B-4281-819A-686FDAA54354}"
EndProject
Project("{9A19103F-16F7-4668-BE54-9A1E7A4F7556}") = "EasyInvest.Investment.API", "EasyInvest.Investment\src\EasyInvest.Investment.API\EasyInvest.Investment.API.csproj", "{72A308FD-F07D-40B4-A595-1B82CF2ED85E}"
EndProject
Project("{9A19103F-16F7-4668-BE54-9A1E7A4F7556}") = "EasyInvest.Investment.Application", "EasyInvest.Investment\src\EasyInvest.Investment.Application\EasyInvest.Investment.Application.csproj", "{305A58C4-01B9-42F7-8F3F-C443AEBAE631}"
EndProject
Project("{9A19103F-16F7-4668-BE54-9A1E7A4F7556}") = "EasyInvest.Investment.Domain", "EasyInvest.Investment\src\EasyInvest.Investment.Domain\EasyInvest.Investment.Domain.csproj", "{843719BD-E476-4A86-8FF4-780672FF1D73}"
EndProject
Project("{9A19103F-16F7-4668-BE54-9A1E7A4F7556}") = "EasyInvest.Investment.Infrastructure.Bootstrap", "EasyInvest.Investment\src\EasyInvest.Investment.Infrastructure.Bootstrap\EasyInvest.Investment.Infrastructure.Bootstrap.csproj", "{FEA95F3A-E568-478B-9605-807840A912B8}"
EndProject
Project("{9A19103F-16F7-4668-BE54-9A1E7A4F7556}") = "EasyInvest.Investment.Tests", "EasyInvest.Investment\test\EasyInvest.Investment.Tests\EasyInvest.Investment.Tests.csproj", "{FEBDCD93-3CC8-494F-A3FB-1BD8E1D998AA}"
EndProject
Global
	GlobalSection(SolutionConfigurationPlatforms) = preSolution
		Debug|Any CPU = Debug|Any CPU
		Release|Any CPU = Release|Any CPU
	EndGlobalSection
	GlobalSection(ProjectConfigurationPlatforms) = postSolution
		{145F460A-AE6B-4281-819A-686FDAA54354}.Debug|Any CPU.ActiveCfg = Debug|Any CPU
		{145F460A-AE6B-4281-819A-686FDAA54354}.Debug|Any CPU.Build.0 = Debug|Any CPU
		{145F460A-AE6B-4281-819A-686FDAA54354}.Release|Any CPU.ActiveCfg = Release|Any CPU
		{145F460A-AE6B-4281-819A-686FDAA54354}.Release|Any CPU.Build.0 = Release|Any CPU
		{72A308FD-F07D-40B4-A595-1B82CF2ED85E}.Debug|Any CPU.ActiveCfg = Debug|Any CPU
		{72A308FD-F07D-40B4-A595-1B82CF2ED85E}.Debug|Any CPU.Build.0 = Debug|Any CPU
		{72A308FD-F07D-40B4-A595-1B82CF2ED85E}.Release|Any CPU.ActiveCfg = Release|Any CPU
		{72A308FD-F07D-40B4-A595-1B82CF2ED85E}.Release|Any CPU.Build.0 = Release|Any CPU
		{305A58C4-01B9-42F7-8F3F-C443AEBAE631}.Debug|Any CPU.ActiveCfg = Debug|Any CPU
		{305A58C4-01B9-42F7-8F3F-C443AEBAE631}.Debug|Any CPU.Build.0 = Debug|Any CPU
		{305A58C4-01B9-42F7-8F3F-C443AEBAE631}.Release|Any CPU.ActiveCfg = Release|Any CPU
		{305A58C4-01B9-42F7-8F3F-C443AEBAE631}.Release|Any CPU.Build.0 = Release|Any CPU
		{843719BD-E476-4A86-8FF4-780672FF1D73}.Debug|Any CPU.ActiveCfg = Debug|Any CPU
		{843719BD-E476-4A86-8FF4-780672FF1D73}.Debug|Any CPU.Build.0 = Debug|Any CPU
		{843719BD-E476-4A86-8FF4-780672FF1D73}.Release|Any CPU.ActiveCfg = Release|Any CPU
		{843719BD-E476-4A86-8FF4-780672FF1D73}.Release|Any CPU.Build.0 = Release|Any CPU
		{FEA95F3A-E568-478B-9605-807840A912B8}.Debug|Any CPU.ActiveCfg = Debug|Any CPU
		{FEA95F3A-E568-478B-9605-807840A912B8}.Debug|Any CPU.Build.0 = Debug|Any CPU
		{FEA95F3A-E568-478B-9605-807840A912B8}.Release|Any CPU.ActiveCfg = Release|Any CPU
		{FEA95F3A-E568-478B-9605-807840A912B8}.Release|Any CPU.Build.0 = Release|Any CPU
		{FEBDCD93-3CC8-494F-A3FB-1BD8E1D998AA}.Debug|Any CPU.ActiveCfg = Debug|Any CPU
		{FEBDCD93-3CC8-494F-A3FB-1BD8E1D998AA}.Debug|Any CPU.Build.0 = Debug|Any CPU
		{FEBDCD93-3CC8-494F-A3FB-1BD8E1D998AA}.Release|Any CPU.ActiveCfg = Release|Any CPU
		{FEBDCD93-3CC8-494F-A3FB-1BD8E1D998AA}.Release|Any CPU.Build.0 = Release|Any CPU
	EndGlobalSection
	GlobalSection(SolutionProperties) = preSolution
		HideSolutionNode = FALSE
	EndGlobalSection
	GlobalSection(NestedProjects) = preSolution
		{1EBFD9C8-D377-4C32-9B86-C8360B0A83C6} = {6F8CA83F-E785-4CC8-AC6C-73FA8E1DA7E6}
		{DD18FD5E-6631-4D33-8E0F-78F63449D4DC} = {6F8CA83F-E785-4CC8-AC6C-73FA8E1DA7E6}
		{BB3C2ECE-612B-4C12-BA61-15E97FAF7893} = {6F8CA83F-E785-4CC8-AC6C-73FA8E1DA7E6}
		{145F460A-AE6B-4281-819A-686FDAA54354} = {C1FC299F-BF92-4068-9ADD-FA24264BA911}
		{72A308FD-F07D-40B4-A595-1B82CF2ED85E} = {1EBFD9C8-D377-4C32-9B86-C8360B0A83C6}
		{305A58C4-01B9-42F7-8F3F-C443AEBAE631} = {DD18FD5E-6631-4D33-8E0F-78F63449D4DC}
		{843719BD-E476-4A86-8FF4-780672FF1D73} = {DD18FD5E-6631-4D33-8E0F-78F63449D4DC}
		{FEA95F3A-E568-478B-9605-807840A912B8} = {BB3C2ECE-612B-4C12-BA61-15E97FAF7893}
		{FEBDCD93-3CC8-494F-A3FB-1BD8E1D998AA} = {3D23AC28-E63B-46FA-A92F-0FC72C1B7459}
	EndGlobalSection
	GlobalSection(ExtensibilityGlobals) = postSolution
		SolutionGuid = {6B8DA177-2BA4-4B19-AB29-3EC3B35D7B70}
	EndGlobalSection
EndGlobal
